
Microsoft Visual Studio Solution File, Format Version 11.00
# Visual Studio 2010
Project("{FAE04EC0-301F-11D3-BF4B-00C04F79EFBC}") = "PubNub-Unity-Image-Switcher", "Assembly-CSharp.csproj", "{EF26DA52-B5A1-3452-56A2-DB14CDA591CA}"
EndProject
Project("{FAE04EC0-301F-11D3-BF4B-00C04F79EFBC}") = "PubNub-Unity-Image-Switcher", "Assembly-CSharp-Editor.csproj", "{439CEE39-0889-02DD-2701-699F14D8D9F8}"
EndProject
Global
	GlobalSection(SolutionConfigurationPlatforms) = preSolution
		Debug|Any CPU = Debug|Any CPU
		Release|Any CPU = Release|Any CPU
	EndGlobalSection
	GlobalSection(ProjectConfigurationPlatforms) = postSolution
		{EF26DA52-B5A1-3452-56A2-DB14CDA591CA}.Debug|Any CPU.ActiveCfg = Debug|Any CPU
		{EF26DA52-B5A1-3452-56A2-DB14CDA591CA}.Debug|Any CPU.Build.0 = Debug|Any CPU
		{EF26DA52-B5A1-3452-56A2-DB14CDA591CA}.Release|Any CPU.ActiveCfg = Release|Any CPU
		{EF26DA52-B5A1-3452-56A2-DB14CDA591CA}.Release|Any CPU.Build.0 = Release|Any CPU
		{439CEE39-0889-02DD-2701-699F14D8D9F8}.Debug|Any CPU.ActiveCfg = Debug|Any CPU
		{439CEE39-0889-02DD-2701-699F14D8D9F8}.Debug|Any CPU.Build.0 = Debug|Any CPU
		{439CEE39-0889-02DD-2701-699F14D8D9F8}.Release|Any CPU.ActiveCfg = Release|Any CPU
		{439CEE39-0889-02DD-2701-699F14D8D9F8}.Release|Any CPU.Build.0 = Release|Any CPU
	EndGlobalSection
	GlobalSection(SolutionProperties) = preSolution
		HideSolutionNode = FALSE
	EndGlobalSection
	GlobalSection(MonoDevelopProperties) = preSolution
		StartupItem = Assembly-CSharp.csproj
	EndGlobalSection
EndGlobal
