
Microsoft Visual Studio Solution File, Format Version 11.00
# Visual Studio 2010
Project("{FAE04EC0-301F-11D3-BF4B-00C04F79EFBC}") = "Standard Assets Example Project", "Assembly-CSharp.csproj", "{2E580283-BFF0-C57F-AAC2-55A063F4B680}"
EndProject
Project("{FAE04EC0-301F-11D3-BF4B-00C04F79EFBC}") = "Standard Assets Example Project", "Assembly-CSharp-Editor.csproj", "{B4F204C0-8291-9716-07E0-905D8295D583}"
EndProject
Global
	GlobalSection(SolutionConfigurationPlatforms) = preSolution
		Debug|Any CPU = Debug|Any CPU
		Release|Any CPU = Release|Any CPU
	EndGlobalSection
	GlobalSection(ProjectConfigurationPlatforms) = postSolution
		{2E580283-BFF0-C57F-AAC2-55A063F4B680}.Debug|Any CPU.ActiveCfg = Debug|Any CPU
		{2E580283-BFF0-C57F-AAC2-55A063F4B680}.Debug|Any CPU.Build.0 = Debug|Any CPU
		{2E580283-BFF0-C57F-AAC2-55A063F4B680}.Release|Any CPU.ActiveCfg = Release|Any CPU
		{2E580283-BFF0-C57F-AAC2-55A063F4B680}.Release|Any CPU.Build.0 = Release|Any CPU
		{B4F204C0-8291-9716-07E0-905D8295D583}.Debug|Any CPU.ActiveCfg = Debug|Any CPU
		{B4F204C0-8291-9716-07E0-905D8295D583}.Debug|Any CPU.Build.0 = Debug|Any CPU
		{B4F204C0-8291-9716-07E0-905D8295D583}.Release|Any CPU.ActiveCfg = Release|Any CPU
		{B4F204C0-8291-9716-07E0-905D8295D583}.Release|Any CPU.Build.0 = Release|Any CPU
	EndGlobalSection
	GlobalSection(SolutionProperties) = preSolution
		HideSolutionNode = FALSE
	EndGlobalSection
	GlobalSection(MonoDevelopProperties) = preSolution
		StartupItem = Assembly-CSharp.csproj
	EndGlobalSection
EndGlobal
